
Microsoft Visual Studio Solution File, Format Version 12.00
# Visual Studio Version 17
VisualStudioVersion = 17.11.35312.102
MinimumVisualStudioVersion = 10.0.40219.1
Project("{9A19103F-16F7-4668-BE54-9A1E7A4F7556}") = "CurrencyManager", "CurrencyManager.csproj", "{3F299A6A-61FB-4757-B369-5B22EFCC467D}"
EndProject
Project("{9A19103F-16F7-4668-BE54-9A1E7A4F7556}") = "CurrencyManagerTest", "..\CurrencyManagerTest\CurrencyManagerTest.csproj", "{519CC4B9-C3FA-498F-8476-9E8898ACC731}"
EndProject
Global
	GlobalSection(SolutionConfigurationPlatforms) = preSolution
		Debug|Any CPU = Debug|Any CPU
		Release|Any CPU = Release|Any CPU
	EndGlobalSection
	GlobalSection(ProjectConfigurationPlatforms) = postSolution
		{3F299A6A-61FB-4757-B369-5B22EFCC467D}.Debug|Any CPU.ActiveCfg = Debug|Any CPU
		{3F299A6A-61FB-4757-B369-5B22EFCC467D}.Debug|Any CPU.Build.0 = Debug|Any CPU
		{3F299A6A-61FB-4757-B369-5B22EFCC467D}.Release|Any CPU.ActiveCfg = Release|Any CPU
		{3F299A6A-61FB-4757-B369-5B22EFCC467D}.Release|Any CPU.Build.0 = Release|Any CPU
		{519CC4B9-C3FA-498F-8476-9E8898ACC731}.Debug|Any CPU.ActiveCfg = Debug|Any CPU
		{519CC4B9-C3FA-498F-8476-9E8898ACC731}.Debug|Any CPU.Build.0 = Debug|Any CPU
		{519CC4B9-C3FA-498F-8476-9E8898ACC731}.Release|Any CPU.ActiveCfg = Release|Any CPU
		{519CC4B9-C3FA-498F-8476-9E8898ACC731}.Release|Any CPU.Build.0 = Release|Any CPU
	EndGlobalSection
	GlobalSection(SolutionProperties) = preSolution
		HideSolutionNode = FALSE
	EndGlobalSection
	GlobalSection(ExtensibilityGlobals) = postSolution
		SolutionGuid = {23881038-3C33-4900-8D1B-A484EC6615F9}
	EndGlobalSection
EndGlobal
